
Microsoft Visual Studio Solution File, Format Version 12.00
# Visual Studio Version 17
VisualStudioVersion = 17.0.31903.59
MinimumVisualStudioVersion = 10.0.40219.1
Project("{FAE04EC0-301F-11D3-BF4B-00C04F79EFBC}") = "Nozama.ProductCatalog", "Nozama.ProductCatalog\Nozama.ProductCatalog.csproj", "{260B6165-7BF7-44C9-9E5F-11D4C15EBBDC}"
EndProject
Project("{FAE04EC0-301F-11D3-BF4B-00C04F79EFBC}") = "Nozama.Recommendations", "Nozama.Recommendations\Nozama.Recommendations.csproj", "{BE909EB5-69F2-4648-9A03-6733200CADAF}"
EndProject
Project("{FAE04EC0-301F-11D3-BF4B-00C04F79EFBC}") = "Nozama.Model", "Nozama.Model\Nozama.Model.csproj", "{F47FBE9B-B010-4179-B0FF-06AAB7D74677}"
EndProject
Project("{FAE04EC0-301F-11D3-BF4B-00C04F79EFBC}") = "Nozama.OrderService", "Nozama.OrderService\Nozama.OrderService.csproj", "{7E96E6B3-929C-41F0-9D23-E1F25DD2F50F}"
EndProject
Project("{FAE04EC0-301F-11D3-BF4B-00C04F79EFBC}") = "Nozama.InventoryService", "Nozama.InventoryService\Nozama.InventoryService.csproj", "{89420108-E599-48BA-A905-D627B80AD8E9}"
EndProject
Global
	GlobalSection(SolutionConfigurationPlatforms) = preSolution
		Debug|Any CPU = Debug|Any CPU
		Release|Any CPU = Release|Any CPU
	EndGlobalSection
	GlobalSection(SolutionProperties) = preSolution
		HideSolutionNode = FALSE
	EndGlobalSection
	GlobalSection(ProjectConfigurationPlatforms) = postSolution
		{BE909EB5-69F2-4648-9A03-6733200CADAF}.Debug|Any CPU.ActiveCfg = Debug|Any CPU
		{BE909EB5-69F2-4648-9A03-6733200CADAF}.Debug|Any CPU.Build.0 = Debug|Any CPU
		{BE909EB5-69F2-4648-9A03-6733200CADAF}.Release|Any CPU.ActiveCfg = Release|Any CPU
		{BE909EB5-69F2-4648-9A03-6733200CADAF}.Release|Any CPU.Build.0 = Release|Any CPU
		{F745905F-8B64-41DC-9A01-93E54A852345}.Debug|Any CPU.ActiveCfg = Debug|Any CPU
		{F745905F-8B64-41DC-9A01-93E54A852345}.Debug|Any CPU.Build.0 = Debug|Any CPU
		{F745905F-8B64-41DC-9A01-93E54A852345}.Release|Any CPU.ActiveCfg = Release|Any CPU
		{F745905F-8B64-41DC-9A01-93E54A852345}.Release|Any CPU.Build.0 = Release|Any CPU
		{F47FBE9B-B010-4179-B0FF-06AAB7D74677}.Debug|Any CPU.ActiveCfg = Debug|Any CPU
		{F47FBE9B-B010-4179-B0FF-06AAB7D74677}.Debug|Any CPU.Build.0 = Debug|Any CPU
		{F47FBE9B-B010-4179-B0FF-06AAB7D74677}.Release|Any CPU.ActiveCfg = Release|Any CPU
		{F47FBE9B-B010-4179-B0FF-06AAB7D74677}.Release|Any CPU.Build.0 = Release|Any CPU
		{7E96E6B3-929C-41F0-9D23-E1F25DD2F50F}.Debug|Any CPU.ActiveCfg = Debug|Any CPU
		{7E96E6B3-929C-41F0-9D23-E1F25DD2F50F}.Debug|Any CPU.Build.0 = Debug|Any CPU
		{7E96E6B3-929C-41F0-9D23-E1F25DD2F50F}.Release|Any CPU.ActiveCfg = Release|Any CPU
		{7E96E6B3-929C-41F0-9D23-E1F25DD2F50F}.Release|Any CPU.Build.0 = Release|Any CPU
		{89420108-E599-48BA-A905-D627B80AD8E9}.Debug|Any CPU.ActiveCfg = Debug|Any CPU
		{89420108-E599-48BA-A905-D627B80AD8E9}.Debug|Any CPU.Build.0 = Debug|Any CPU
		{89420108-E599-48BA-A905-D627B80AD8E9}.Release|Any CPU.ActiveCfg = Release|Any CPU
		{89420108-E599-48BA-A905-D627B80AD8E9}.Release|Any CPU.Build.0 = Release|Any CPU
	EndGlobalSection
EndGlobal
